// !$*UTF8*$!
{
	archiveVersion = 1;
	classes = {
	};
	objectVersion = 48;
	objects = {

/* Begin PBXBuildFile section */
		D63BBB091FAB71E80015767A /* AppDelegate.swift in Sources */ = {isa = PBXBuildFile; fileRef = D63BBB081FAB71E80015767A /* AppDelegate.swift */; };
		D63BBB0B1FAB71E80015767A /* ViewController.swift in Sources */ = {isa = PBXBuildFile; fileRef = D63BBB0A1FAB71E80015767A /* ViewController.swift */; };
		D63BBB0E1FAB71E80015767A /* Main.storyboard in Resources */ = {isa = PBXBuildFile; fileRef = D63BBB0C1FAB71E80015767A /* Main.storyboard */; };
		D63BBB101FAB71E80015767A /* Assets.xcassets in Resources */ = {isa = PBXBuildFile; fileRef = D63BBB0F1FAB71E80015767A /* Assets.xcassets */; };
		D63BBB131FAB71E80015767A /* LaunchScreen.storyboard in Resources */ = {isa = PBXBuildFile; fileRef = D63BBB111FAB71E80015767A /* LaunchScreen.storyboard */; };
		D63BBB1B1FAB901B0015767A /* Logger.swift in Sources */ = {isa = PBXBuildFile; fileRef = D63BBB1A1FAB901B0015767A /* Logger.swift */; };
		D69505E91FCF12CE00D690E3 /* BluetoothManager.swift in Sources */ = {isa = PBXBuildFile; fileRef = D69505E81FCF12CE00D690E3 /* BluetoothManager.swift */; };
/* End PBXBuildFile section */

/* Begin PBXFileReference section */
		D63BBB051FAB71E80015767A /* AccelGyro.app */ = {isa = PBXFileReference; explicitFileType = wrapper.application; includeInIndex = 0; path = AccelGyro.app; sourceTree = BUILT_PRODUCTS_DIR; };
		D63BBB081FAB71E80015767A /* AppDelegate.swift */ = {isa = PBXFileReference; lastKnownFileType = sourcecode.swift; path = AppDelegate.swift; sourceTree = "<group>"; };
		D63BBB0A1FAB71E80015767A /* ViewController.swift */ = {isa = PBXFileReference; lastKnownFileType = sourcecode.swift; path = ViewController.swift; sourceTree = "<group>"; };
		D63BBB0D1FAB71E80015767A /* Base */ = {isa = PBXFileReference; lastKnownFileType = file.storyboard; name = Base; path = Base.lproj/Main.storyboard; sourceTree = "<group>"; };
		D63BBB0F1FAB71E80015767A /* Assets.xcassets */ = {isa = PBXFileReference; lastKnownFileType = folder.assetcatalog; path = Assets.xcassets; sourceTree = "<group>"; };
		D63BBB121FAB71E80015767A /* Base */ = {isa = PBXFileReference; lastKnownFileType = file.storyboard; name = Base; path = Base.lproj/LaunchScreen.storyboard; sourceTree = "<group>"; };
		D63BBB141FAB71E80015767A /* Info.plist */ = {isa = PBXFileReference; lastKnownFileType = text.plist.xml; path = Info.plist; sourceTree = "<group>"; };
		D63BBB1A1FAB901B0015767A /* Logger.swift */ = {isa = PBXFileReference; lastKnownFileType = sourcecode.swift; path = Logger.swift; sourceTree = "<group>"; };
		D69505E81FCF12CE00D690E3 /* BluetoothManager.swift */ = {isa = PBXFileReference; lastKnownFileType = sourcecode.swift; path = BluetoothManager.swift; sourceTree = "<group>"; };
/* End PBXFileReference section */

/* Begin PBXFrameworksBuildPhase section */
		D63BBB021FAB71E80015767A /* Frameworks */ = {
			isa = PBXFrameworksBuildPhase;
			buildActionMask = 2147483647;
			files = (
			);
			runOnlyForDeploymentPostprocessing = 0;
		};
/* End PBXFrameworksBuildPhase section */

/* Begin PBXGroup section */
		D63BBAFC1FAB71E80015767A = {
			isa = PBXGroup;
			children = (
				D63BBB071FAB71E80015767A /* AccelGyro */,
				D63BBB061FAB71E80015767A /* Products */,
			);
			sourceTree = "<group>";
		};
		D63BBB061FAB71E80015767A /* Products */ = {
			isa = PBXGroup;
			children = (
				D63BBB051FAB71E80015767A /* AccelGyro.app */,
			);
			name = Products;
			sourceTree = "<group>";
		};
		D63BBB071FAB71E80015767A /* AccelGyro */ = {
			isa = PBXGroup;
			children = (
				D63BBB1A1FAB901B0015767A /* Logger.swift */,
				D69505E81FCF12CE00D690E3 /* BluetoothManager.swift */,
				D63BBB081FAB71E80015767A /* AppDelegate.swift */,
				D63BBB0A1FAB71E80015767A /* ViewController.swift */,
				D63BBB0C1FAB71E80015767A /* Main.storyboard */,
				D63BBB0F1FAB71E80015767A /* Assets.xcassets */,
				D63BBB111FAB71E80015767A /* LaunchScreen.storyboard */,
				D63BBB141FAB71E80015767A /* Info.plist */,
			);
			path = AccelGyro;
			sourceTree = "<group>";
		};
/* End PBXGroup section */

/* Begin PBXNativeTarget section */
		D63BBB041FAB71E80015767A /* AccelGyro */ = {
			isa = PBXNativeTarget;
			buildConfigurationList = D63BBB171FAB71E80015767A /* Build configuration list for PBXNativeTarget "AccelGyro" */;
			buildPhases = (
				D63BBB011FAB71E80015767A /* Sources */,
				D63BBB021FAB71E80015767A /* Frameworks */,
				D63BBB031FAB71E80015767A /* Resources */,
			);
			buildRules = (
			);
			dependencies = (
			);
			name = AccelGyro;
			productName = AccelGyro;
			productReference = D63BBB051FAB71E80015767A /* AccelGyro.app */;
			productType = "com.apple.product-type.application";
		};
/* End PBXNativeTarget section */

/* Begin PBXProject section */
		D63BBAFD1FAB71E80015767A /* Project object */ = {
			isa = PBXProject;
			attributes = {
				LastSwiftUpdateCheck = 0910;
				LastUpgradeCheck = 0910;
				ORGANIZATIONNAME = Imprivata;
				TargetAttributes = {
					D63BBB041FAB71E80015767A = {
						CreatedOnToolsVersion = 9.1;
						ProvisioningStyle = Automatic;
						SystemCapabilities = {
							com.apple.BackgroundModes = {
								enabled = 1;
							};
						};
					};
				};
			};
			buildConfigurationList = D63BBB001FAB71E80015767A /* Build configuration list for PBXProject "AccelGyro" */;
			compatibilityVersion = "Xcode 8.0";
			developmentRegion = en;
			hasScannedForEncodings = 0;
			knownRegions = (
				en,
				Base,
			);
			mainGroup = D63BBAFC1FAB71E80015767A;
			productRefGroup = D63BBB061FAB71E80015767A /* Products */;
			projectDirPath = "";
			projectRoot = "";
			targets = (
				D63BBB041FAB71E80015767A /* AccelGyro */,
			);
		};
/* End PBXProject section */

/* Begin PBXResourcesBuildPhase section */
		D63BBB031FAB71E80015767A /* Resources */ = {
			isa = PBXResourcesBuildPhase;
			buildActionMask = 2147483647;
			files = (
				D63BBB131FAB71E80015767A /* LaunchScreen.storyboard in Resources */,
				D63BBB101FAB71E80015767A /* Assets.xcassets in Resources */,
				D63BBB0E1FAB71E80015767A /* Main.storyboard in Resources */,
			);
			runOnlyForDeploymentPostprocessing = 0;
		};
/* End PBXResourcesBuildPhase section */

/* Begin PBXSourcesBuildPhase section */
		D63BBB011FAB71E80015767A /* Sources */ = {
			isa = PBXSourcesBuildPhase;
			buildActionMask = 2147483647;
			files = (
				D63BBB0B1FAB71E80015767A /* ViewController.swift in Sources */,
				D63BBB1B1FAB901B0015767A /* Logger.swift in Sources */,
				D69505E91FCF12CE00D690E3 /* BluetoothManager.swift in Sources */,
				D63BBB091FAB71E80015767A /* AppDelegate.swift in Sources */,
			);
			runOnlyForDeploymentPostprocessing = 0;
		};
/* End PBXSourcesBuildPhase section */

/* Begin PBXVariantGroup section */
		D63BBB0C1FAB71E80015767A /* Main.storyboard */ = {
			isa = PBXVariantGroup;
			children = (
				D63BBB0D1FAB71E80015767A /* Base */,
			);
			name = Main.storyboard;
			sourceTree = "<group>";
		};
		D63BBB111FAB71E80015767A /* LaunchScreen.storyboard */ = {
			isa = PBXVariantGroup;
			children = (
				D63BBB121FAB71E80015767A /* Base */,
			);
			name = LaunchScreen.storyboard;
			sourceTree = "<group>";
		};
/* End PBXVariantGroup section */

/* Begin XCBuildConfiguration section */
		D63BBB151FAB71E80015767A /* Debug */ = {
			isa = XCBuildConfiguration;
			buildSettings = {
				ALWAYS_SEARCH_USER_PATHS = NO;
				CLANG_ANALYZER_NONNULL = YES;
				CLANG_ANALYZER_NUMBER_OBJECT_CONVERSION = YES_AGGRESSIVE;
				CLANG_CXX_LANGUAGE_STANDARD = "gnu++14";
				CLANG_CXX_LIBRARY = "libc++";
				CLANG_ENABLE_MODULES = YES;
				CLANG_ENABLE_OBJC_ARC = YES;
				CLANG_WARN_BLOCK_CAPTURE_AUTORELEASING = YES;
				CLANG_WARN_BOOL_CONVERSION = YES;
				CLANG_WARN_COMMA = YES;
				CLANG_WARN_CONSTANT_CONVERSION = YES;
				CLANG_WARN_DIRECT_OBJC_ISA_USAGE = YES_ERROR;
				CLANG_WARN_DOCUMENTATION_COMMENTS = YES;
				CLANG_WARN_EMPTY_BODY = YES;
				CLANG_WARN_ENUM_CONVERSION = YES;
				CLANG_WARN_INFINITE_RECURSION = YES;
				CLANG_WARN_INT_CONVERSION = YES;
				CLANG_WARN_NON_LITERAL_NULL_CONVERSION = YES;
				CLANG_WARN_OBJC_LITERAL_CONVERSION = YES;
				CLANG_WARN_OBJC_ROOT_CLASS = YES_ERROR;
				CLANG_WARN_RANGE_LOOP_ANALYSIS = YES;
				CLANG_WARN_STRICT_PROTOTYPES = YES;
				CLANG_WARN_SUSPICIOUS_MOVE = YES;
				CLANG_WARN_UNGUARDED_AVAILABILITY = YES_AGGRESSIVE;
				CLANG_WARN_UNREACHABLE_CODE = YES;
				CLANG_WARN__DUPLICATE_METHOD_MATCH = YES;
				CODE_SIGN_IDENTITY = "iPhone Developer";
				COPY_PHASE_STRIP = NO;
				DEBUG_INFORMATION_FORMAT = dwarf;
				ENABLE_STRICT_OBJC_MSGSEND = YES;
				ENABLE_TESTABILITY = YES;
				GCC_C_LANGUAGE_STANDARD = gnu11;
				GCC_DYNAMIC_NO_PIC = NO;
				GCC_NO_COMMON_BLOCKS = YES;
				GCC_OPTIMIZATION_LEVEL = 0;
				GCC_PREPROCESSOR_DEFINITIONS = (
					"DEBUG=1",
					"$(inherited)",
				);
				GCC_WARN_64_TO_32_BIT_CONVERSION = YES;
				GCC_WARN_ABOUT_RETURN_TYPE = YES_ERROR;
				GCC_WARN_UNDECLARED_SELECTOR = YES;
				GCC_WARN_UNINITIALIZED_AUTOS = YES_AGGRESSIVE;
				GCC_WARN_UNUSED_FUNCTION = YES;
				GCC_WARN_UNUSED_VARIABLE = YES;
				IPHONEOS_DEPLOYMENT_TARGET = 11.1;
				MTL_ENABLE_DEBUG_INFO = YES;
				ONLY_ACTIVE_ARCH = YES;
				SDKROOT = iphoneos;
				SWIFT_ACTIVE_COMPILATION_CONDITIONS = DEBUG;
				SWIFT_OPTIMIZATION_LEVEL = "-Onone";
			};
			name = Debug;
		};
		D63BBB161FAB71E80015767A /* Release */ = {
			isa = XCBuildConfiguration;
			buildSettings = {
				ALWAYS_SEARCH_USER_PATHS = NO;
				CLANG_ANALYZER_NONNULL = YES;
				CLANG_ANALYZER_NUMBER_OBJECT_CONVERSION = YES_AGGRESSIVE;
				CLANG_CXX_LANGUAGE_STANDARD = "gnu++14";
				CLANG_CXX_LIBRARY = "libc++";
				CLANG_ENABLE_MODULES = YES;
				CLANG_ENABLE_OBJC_ARC = YES;
				CLANG_WARN_BLOCK_CAPTURE_AUTORELEASING = YES;
				CLANG_WARN_BOOL_CONVERSION = YES;
				CLANG_WARN_COMMA = YES;
				CLANG_WARN_CONSTANT_CONVERSION = YES;
				CLANG_WARN_DIRECT_OBJC_ISA_USAGE = YES_ERROR;
				CLANG_WARN_DOCUMENTATION_COMMENTS = YES;
				CLANG_WARN_EMPTY_BODY = YES;
				CLANG_WARN_ENUM_CONVERSION = YES;
				CLANG_WARN_INFINITE_RECURSION = YES;
				CLANG_WARN_INT_CONVERSION = YES;
				CLANG_WARN_NON_LITERAL_NULL_CONVERSION = YES;
				CLANG_WARN_OBJC_LITERAL_CONVERSION = YES;
				CLANG_WARN_OBJC_ROOT_CLASS = YES_ERROR;
				CLANG_WARN_RANGE_LOOP_ANALYSIS = YES;
				CLANG_WARN_STRICT_PROTOTYPES = YES;
				CLANG_WARN_SUSPICIOUS_MOVE = YES;
				CLANG_WARN_UNGUARDED_AVAILABILITY = YES_AGGRESSIVE;
				CLANG_WARN_UNREACHABLE_CODE = YES;
				CLANG_WARN__DUPLICATE_METHOD_MATCH = YES;
				CODE_SIGN_IDENTITY = "iPhone Developer";
				COPY_PHASE_STRIP = NO;
				DEBUG_INFORMATION_FORMAT = "dwarf-with-dsym";
				ENABLE_NS_ASSERTIONS = NO;
				ENABLE_STRICT_OBJC_MSGSEND = YES;
				GCC_C_LANGUAGE_STANDARD = gnu11;
				GCC_NO_COMMON_BLOCKS = YES;
				GCC_WARN_64_TO_32_BIT_CONVERSION = YES;
				GCC_WARN_ABOUT_RETURN_TYPE = YES_ERROR;
				GCC_WARN_UNDECLARED_SELECTOR = YES;
				GCC_WARN_UNINITIALIZED_AUTOS = YES_AGGRESSIVE;
				GCC_WARN_UNUSED_FUNCTION = YES;
				GCC_WARN_UNUSED_VARIABLE = YES;
				IPHONEOS_DEPLOYMENT_TARGET = 11.1;
				MTL_ENABLE_DEBUG_INFO = NO;
				SDKROOT = iphoneos;
				SWIFT_OPTIMIZATION_LEVEL = "-Owholemodule";
				VALIDATE_PRODUCT = YES;
			};
			name = Release;
		};
		D63BBB181FAB71E80015767A /* Debug */ = {
			isa = XCBuildConfiguration;
			buildSettings = {
				ASSETCATALOG_COMPILER_APPICON_NAME = AppIcon;
				CODE_SIGN_STYLE = Automatic;
				DEVELOPMENT_TEAM = 4M5ZN5CV6L;
				INFOPLIST_FILE = AccelGyro/Info.plist;
				LD_RUNPATH_SEARCH_PATHS = "$(inherited) @executable_path/Frameworks";
				PRODUCT_BUNDLE_IDENTIFIER = com.imprivata.AccelGyro;
				PRODUCT_NAME = "$(TARGET_NAME)";
				SWIFT_VERSION = 4.0;
				TARGETED_DEVICE_FAMILY = "1,2";
			};
			name = Debug;
		};
		D63BBB191FAB71E80015767A /* Release */ = {
			isa = XCBuildConfiguration;
			buildSettings = {
				ASSETCATALOG_COMPILER_APPICON_NAME = AppIcon;
				CODE_SIGN_STYLE = Automatic;
				DEVELOPMENT_TEAM = 4M5ZN5CV6L;
				INFOPLIST_FILE = AccelGyro/Info.plist;
				LD_RUNPATH_SEARCH_PATHS = "$(inherited) @executable_path/Frameworks";
				PRODUCT_BUNDLE_IDENTIFIER = com.imprivata.AccelGyro;
				PRODUCT_NAME = "$(TARGET_NAME)";
				SWIFT_VERSION = 4.0;
				TARGETED_DEVICE_FAMILY = "1,2";
			};
			name = Release;
		};
/* End XCBuildConfiguration section */

/* Begin XCConfigurationList section */
		D63BBB001FAB71E80015767A /* Build configuration list for PBXProject "AccelGyro" */ = {
			isa = XCConfigurationList;
			buildConfigurations = (
				D63BBB151FAB71E80015767A /* Debug */,
				D63BBB161FAB71E80015767A /* Release */,
			);
			defaultConfigurationIsVisible = 0;
			defaultConfigurationName = Release;
		};
		D63BBB171FAB71E80015767A /* Build configuration list for PBXNativeTarget "AccelGyro" */ = {
			isa = XCConfigurationList;
			buildConfigurations = (
				D63BBB181FAB71E80015767A /* Debug */,
				D63BBB191FAB71E80015767A /* Release */,
			);
			defaultConfigurationIsVisible = 0;
			defaultConfigurationName = Release;
		};
/* End XCConfigurationList section */
	};
	rootObject = D63BBAFD1FAB71E80015767A /* Project object */;
}
